
Microsoft Visual Studio Solution File, Format Version 11.00
# Visual Studio 2010
Project("{2150E333-8FDC-42A3-9474-1A3956D46DE8}") = "Service", "Service", "{9B37DF0E-553B-490A-8F9B-A9B9353063B9}"
EndProject
Project("{2150E333-8FDC-42A3-9474-1A3956D46DE8}") = "ServiceClient", "ServiceClient", "{F18B159A-7A20-4152-A2D0-C907CF6DFC03}"
EndProject
Project("{2150E333-8FDC-42A3-9474-1A3956D46DE8}") = "Testing", "Testing", "{BC867B58-1EF8-44A0-B0C6-7169F1842C0F}"
EndProject
Project("{FAE04EC0-301F-11D3-BF4B-00C04F79EFBC}") = "Core", "Core\Core.csproj", "{89375FC0-699D-419D-B57D-4223AF2C31BE}"
EndProject
Project("{FAE04EC0-301F-11D3-BF4B-00C04F79EFBC}") = "Tests", "Tests\Tests.csproj", "{BF80349E-A671-431C-8125-2E5D10A3A792}"
EndProject
Project("{FAE04EC0-301F-11D3-BF4B-00C04F79EFBC}") = "GUI", "Gui\GUI.csproj", "{C85A0E68-9A96-45D3-9643-6439976E2131}"
EndProject
Project("{FAE04EC0-301F-11D3-BF4B-00C04F79EFBC}") = "Commons", "..\ElvCommons\Commons.csproj", "{0175ABED-ABFE-4105-A571-FE06DFEAFA3F}"
EndProject
Project("{FAE04EC0-301F-11D3-BF4B-00C04F79EFBC}") = "GuiTest", "GuiTest\GuiTest.csproj", "{22699717-CA5F-42C1-AE3E-F272BB4831A3}"
EndProject
Project("{FAE04EC0-301F-11D3-BF4B-00C04F79EFBC}") = "AService", "AService\AService.csproj", "{5414F257-8D01-47B5-92CB-0BC0F6F54B08}"
EndProject
Project("{FAE04EC0-301F-11D3-BF4B-00C04F79EFBC}") = "AServiceClient", "AServiceClient\AServiceClient.csproj", "{7B47327C-1A82-472B-94B5-32D6525F6861}"
EndProject
Project("{FAE04EC0-301F-11D3-BF4B-00C04F79EFBC}") = "AServiceContract", "AServiceContract\AServiceContract.csproj", "{033635B0-CE06-461F-9DFE-95D02ADDF8E1}"
EndProject
Project("{FAE04EC0-301F-11D3-BF4B-00C04F79EFBC}") = "Core.UI", "Core.UI\Core.UI.csproj", "{85FF36DB-B0A0-4CF1-B497-CE21661E9214}"
EndProject
Project("{FAE04EC0-301F-11D3-BF4B-00C04F79EFBC}") = "AServiceAgent", "AServiceAgent\AServiceAgent.csproj", "{1F393668-4012-4946-9F41-010D88374D32}"
EndProject
Global
	GlobalSection(SolutionConfigurationPlatforms) = preSolution
		Debug|Any CPU = Debug|Any CPU
		Release|Any CPU = Release|Any CPU
	EndGlobalSection
	GlobalSection(ProjectConfigurationPlatforms) = postSolution
		{89375FC0-699D-419D-B57D-4223AF2C31BE}.Debug|Any CPU.ActiveCfg = Debug|Any CPU
		{89375FC0-699D-419D-B57D-4223AF2C31BE}.Debug|Any CPU.Build.0 = Debug|Any CPU
		{89375FC0-699D-419D-B57D-4223AF2C31BE}.Release|Any CPU.ActiveCfg = Release|Any CPU
		{89375FC0-699D-419D-B57D-4223AF2C31BE}.Release|Any CPU.Build.0 = Release|Any CPU
		{BF80349E-A671-431C-8125-2E5D10A3A792}.Debug|Any CPU.ActiveCfg = Debug|Any CPU
		{BF80349E-A671-431C-8125-2E5D10A3A792}.Debug|Any CPU.Build.0 = Debug|Any CPU
		{BF80349E-A671-431C-8125-2E5D10A3A792}.Release|Any CPU.ActiveCfg = Release|Any CPU
		{BF80349E-A671-431C-8125-2E5D10A3A792}.Release|Any CPU.Build.0 = Release|Any CPU
		{C85A0E68-9A96-45D3-9643-6439976E2131}.Debug|Any CPU.ActiveCfg = Debug|Any CPU
		{C85A0E68-9A96-45D3-9643-6439976E2131}.Debug|Any CPU.Build.0 = Debug|Any CPU
		{C85A0E68-9A96-45D3-9643-6439976E2131}.Release|Any CPU.ActiveCfg = Release|Any CPU
		{C85A0E68-9A96-45D3-9643-6439976E2131}.Release|Any CPU.Build.0 = Release|Any CPU
		{0175ABED-ABFE-4105-A571-FE06DFEAFA3F}.Debug|Any CPU.ActiveCfg = Debug|Any CPU
		{0175ABED-ABFE-4105-A571-FE06DFEAFA3F}.Debug|Any CPU.Build.0 = Debug|Any CPU
		{0175ABED-ABFE-4105-A571-FE06DFEAFA3F}.Release|Any CPU.ActiveCfg = Release|Any CPU
		{0175ABED-ABFE-4105-A571-FE06DFEAFA3F}.Release|Any CPU.Build.0 = Release|Any CPU
		{22699717-CA5F-42C1-AE3E-F272BB4831A3}.Debug|Any CPU.ActiveCfg = Debug|Any CPU
		{22699717-CA5F-42C1-AE3E-F272BB4831A3}.Debug|Any CPU.Build.0 = Debug|Any CPU
		{22699717-CA5F-42C1-AE3E-F272BB4831A3}.Release|Any CPU.ActiveCfg = Release|Any CPU
		{22699717-CA5F-42C1-AE3E-F272BB4831A3}.Release|Any CPU.Build.0 = Release|Any CPU
		{5414F257-8D01-47B5-92CB-0BC0F6F54B08}.Debug|Any CPU.ActiveCfg = Debug|Any CPU
		{5414F257-8D01-47B5-92CB-0BC0F6F54B08}.Debug|Any CPU.Build.0 = Debug|Any CPU
		{5414F257-8D01-47B5-92CB-0BC0F6F54B08}.Release|Any CPU.ActiveCfg = Release|Any CPU
		{5414F257-8D01-47B5-92CB-0BC0F6F54B08}.Release|Any CPU.Build.0 = Release|Any CPU
		{7B47327C-1A82-472B-94B5-32D6525F6861}.Debug|Any CPU.ActiveCfg = Debug|Any CPU
		{7B47327C-1A82-472B-94B5-32D6525F6861}.Debug|Any CPU.Build.0 = Debug|Any CPU
		{7B47327C-1A82-472B-94B5-32D6525F6861}.Release|Any CPU.ActiveCfg = Release|Any CPU
		{7B47327C-1A82-472B-94B5-32D6525F6861}.Release|Any CPU.Build.0 = Release|Any CPU
		{033635B0-CE06-461F-9DFE-95D02ADDF8E1}.Debug|Any CPU.ActiveCfg = Debug|Any CPU
		{033635B0-CE06-461F-9DFE-95D02ADDF8E1}.Debug|Any CPU.Build.0 = Debug|Any CPU
		{033635B0-CE06-461F-9DFE-95D02ADDF8E1}.Release|Any CPU.ActiveCfg = Release|Any CPU
		{033635B0-CE06-461F-9DFE-95D02ADDF8E1}.Release|Any CPU.Build.0 = Release|Any CPU
		{85FF36DB-B0A0-4CF1-B497-CE21661E9214}.Debug|Any CPU.ActiveCfg = Debug|Any CPU
		{85FF36DB-B0A0-4CF1-B497-CE21661E9214}.Debug|Any CPU.Build.0 = Debug|Any CPU
		{85FF36DB-B0A0-4CF1-B497-CE21661E9214}.Release|Any CPU.ActiveCfg = Release|Any CPU
		{85FF36DB-B0A0-4CF1-B497-CE21661E9214}.Release|Any CPU.Build.0 = Release|Any CPU
		{1F393668-4012-4946-9F41-010D88374D32}.Debug|Any CPU.ActiveCfg = Debug|Any CPU
		{1F393668-4012-4946-9F41-010D88374D32}.Debug|Any CPU.Build.0 = Debug|Any CPU
		{1F393668-4012-4946-9F41-010D88374D32}.Release|Any CPU.ActiveCfg = Release|Any CPU
		{1F393668-4012-4946-9F41-010D88374D32}.Release|Any CPU.Build.0 = Release|Any CPU
	EndGlobalSection
	GlobalSection(SolutionProperties) = preSolution
		HideSolutionNode = FALSE
	EndGlobalSection
	GlobalSection(NestedProjects) = preSolution
		{5414F257-8D01-47B5-92CB-0BC0F6F54B08} = {9B37DF0E-553B-490A-8F9B-A9B9353063B9}
		{033635B0-CE06-461F-9DFE-95D02ADDF8E1} = {9B37DF0E-553B-490A-8F9B-A9B9353063B9}
		{1F393668-4012-4946-9F41-010D88374D32} = {9B37DF0E-553B-490A-8F9B-A9B9353063B9}
		{7B47327C-1A82-472B-94B5-32D6525F6861} = {F18B159A-7A20-4152-A2D0-C907CF6DFC03}
		{85FF36DB-B0A0-4CF1-B497-CE21661E9214} = {F18B159A-7A20-4152-A2D0-C907CF6DFC03}
		{BF80349E-A671-431C-8125-2E5D10A3A792} = {BC867B58-1EF8-44A0-B0C6-7169F1842C0F}
		{22699717-CA5F-42C1-AE3E-F272BB4831A3} = {BC867B58-1EF8-44A0-B0C6-7169F1842C0F}
	EndGlobalSection
EndGlobal
