
Microsoft Visual Studio Solution File, Format Version 12.00
# Visual Studio 15
VisualStudioVersion = 15.0.27130.2036
MinimumVisualStudioVersion = 10.0.40219.1
Project("{2150E333-8FDC-42A3-9474-1A3956D46DE8}") = "Watcher", "Watcher", "{D0A8F953-5037-49E7-B621-8A4DB34AEF3E}"
EndProject
Project("{2150E333-8FDC-42A3-9474-1A3956D46DE8}") = "Ylvis", "Ylvis", "{AF613529-F9F8-43DE-A74E-82C456D14A90}"
EndProject
Project("{FAE04EC0-301F-11D3-BF4B-00C04F79EFBC}") = "Watcher.Core", "\Watcher\Watcher.Core\Watcher.Core.csproj", "{CC499CC5-FF09-45D0-876F-E6A5DC4EDDA7}"
EndProject
Project("{FAE04EC0-301F-11D3-BF4B-00C04F79EFBC}") = "Watcher.Console", "\Watcher\Watcher.Console\Watcher.Console.csproj", "{ED0B2F1C-8BF8-4726-AC9B-82765BB0E312}"
EndProject
Project("{FAE04EC0-301F-11D3-BF4B-00C04F79EFBC}") = "Watcher.WindowsService", "\Watcher\Watcher.WindowsService\Watcher.WindowsService.csproj", "{9948C902-586F-4AC9-861C-9067E1124A6D}"
EndProject
Project("{2150E333-8FDC-42A3-9474-1A3956D46DE8}") = "Notifier", "Notifier", "{12813E9C-C550-4BFD-8311-B52584422D19}"
EndProject
Project("{FAE04EC0-301F-11D3-BF4B-00C04F79EFBC}") = "CommonLibrary", "\Notifier\CommonLibrary\CommonLibrary.csproj", "{809822C3-8082-40B6-B86B-3BBCA4E9F3BE}"
EndProject
Project("{FAE04EC0-301F-11D3-BF4B-00C04F79EFBC}") = "DeployNotifer", "\Notifier\DeployNotifer\DeployNotifer.csproj", "{86C4D135-EA88-4709-86B5-5C1B71F205F6}"
EndProject
Project("{FAE04EC0-301F-11D3-BF4B-00C04F79EFBC}") = "WcfBroadcastService", "\Notifier\WcfBroadcastService\WcfBroadcastService.csproj", "{9D58C3DA-0E4C-441C-A7FF-8A0668F6C979}"
EndProject
Project("{2150E333-8FDC-42A3-9474-1A3956D46DE8}") = "__smaller", "__smaller", "{D050C820-7E88-4BD0-81F1-185BA3DC72A3}"
EndProject
Project("{FAE04EC0-301F-11D3-BF4B-00C04F79EFBC}") = "SVNKiller", "\SVNKiller\SVNKiller\SVNKiller.csproj", "{6774B229-5C0A-49F0-AED2-CBDA5BC283A1}"
EndProject
Project("{2150E333-8FDC-42A3-9474-1A3956D46DE8}") = "ToolsCut", "ToolsCut", "{9F64D441-074A-41F4-83DF-48F0F1584635}"
EndProject
Project("{FAE04EC0-301F-11D3-BF4B-00C04F79EFBC}") = "ToolCut.Core", "\ToolCuts\ToolCut.Core\ToolCut.Core.csproj", "{ACA011E7-DA28-4335-A3EE-9796DD56E4EE}"
EndProject
Project("{FAE04EC0-301F-11D3-BF4B-00C04F79EFBC}") = "ToolCut.UI", "\ToolCuts\ToolCut.UI\ToolCut.UI.csproj", "{FC001362-9343-416A-ADC8-CB189485D864}"
EndProject
Project("{FAE04EC0-301F-11D3-BF4B-00C04F79EFBC}") = "ToolCut.Tests", "\ToolCuts\ToolCut.Tests\ToolCut.Tests.csproj", "{29DA37F7-6077-4541-AFD8-3B93A9CD448E}"
EndProject
Project("{FAE04EC0-301F-11D3-BF4B-00C04F79EFBC}") = "elvSplitter", "\Splitter\elvSplitter\elvSplitter.csproj", "{3E773B0B-A37B-4F38-ABF8-A30C917F4A4A}"
EndProject
Project("{2150E333-8FDC-42A3-9474-1A3956D46DE8}") = "StockTrans", "StockTrans", "{B57FFCBD-2F62-4D3E-8BB1-DDA5A84BCC87}"
EndProject
Project("{FAE04EC0-301F-11D3-BF4B-00C04F79EFBC}") = "Stock.Core", "\StockTrans\Stock.Core\Stock.Core.csproj", "{C29AD6AF-1F34-48B8-8DEA-204FC0362664}"
EndProject
Project("{FAE04EC0-301F-11D3-BF4B-00C04F79EFBC}") = "Stock.Service", "\StockTrans\Stock.Service\StockService\Stock.Service.csproj", "{C6A85F4D-478C-457A-8FD7-C282A1CF51EE}"
EndProject
Project("{FAE04EC0-301F-11D3-BF4B-00C04F79EFBC}") = "Stock.UI", "\StockTrans\Stock.UI\Stock.UI.csproj", "{55D4271C-45F6-4BD8-AB5B-D599AF031D62}"
EndProject
Project("{FAE04EC0-301F-11D3-BF4B-00C04F79EFBC}") = "Stock.Test", "\StockTrans\Stock.Test\Stock.Test.csproj", "{6E771FC1-EF26-43EB-87DB-B57744FC8520}"
EndProject
Project("{2150E333-8FDC-42A3-9474-1A3956D46DE8}") = "AccountSync", "_archives\AccountSync", "{A3FCE3A3-EB9E-4064-A0ED-302B1AF2255B}"
EndProject
Project("{FAE04EC0-301F-11D3-BF4B-00C04F79EFBC}") = "Core", "_archives\AccountSync\Core\Core.csproj", "{89375FC0-699D-419D-B57D-4223AF2C31BE}"
EndProject
Project("{FAE04EC0-301F-11D3-BF4B-00C04F79EFBC}") = "Core.UI", "_archives\AccountSync\Core.UI\Core.UI.csproj", "{85FF36DB-B0A0-4CF1-B497-CE21661E9214}"
EndProject
Project("{FAE04EC0-301F-11D3-BF4B-00C04F79EFBC}") = "AServiceContract", "_archives\AccountSync\AServiceContract\AServiceContract.csproj", "{033635B0-CE06-461F-9DFE-95D02ADDF8E1}"
EndProject
Project("{FAE04EC0-301F-11D3-BF4B-00C04F79EFBC}") = "AServiceClient", "_archives\AccountSync\AServiceClient\AServiceClient.csproj", "{7B47327C-1A82-472B-94B5-32D6525F6861}"
EndProject
Project("{FAE04EC0-301F-11D3-BF4B-00C04F79EFBC}") = "AServiceAgent", "_archives\AccountSync\AServiceAgent\AServiceAgent.csproj", "{1F393668-4012-4946-9F41-010D88374D32}"
EndProject
Project("{FAE04EC0-301F-11D3-BF4B-00C04F79EFBC}") = "AService", "_archives\AccountSync\AService\AService.csproj", "{5414F257-8D01-47B5-92CB-0BC0F6F54B08}"
EndProject
Project("{FAE04EC0-301F-11D3-BF4B-00C04F79EFBC}") = "GUI", "_archives\AccountSync\Gui\GUI.csproj", "{C85A0E68-9A96-45D3-9643-6439976E2131}"
EndProject
Project("{FAE04EC0-301F-11D3-BF4B-00C04F79EFBC}") = "GuiTest", "\AccountSync\GuiTest\GuiTest.csproj", "{22699717-CA5F-42C1-AE3E-F272BB4831A3}"
EndProject
Project("{FAE04EC0-301F-11D3-BF4B-00C04F79EFBC}") = "Tests", "_archives\AccountSync\Tests\Tests.csproj", "{BF80349E-A671-431C-8125-2E5D10A3A792}"
EndProject
Project("{2150E333-8FDC-42A3-9474-1A3956D46DE8}") = "__archive", "__archive", "{6B535495-6AE3-4A42-BEBE-467DDDD0EAFF}"
EndProject
Project("{FAE04EC0-301F-11D3-BF4B-00C04F79EFBC}") = "Commons", "_archives\ElvCommons\Commons.csproj", "{0175ABED-ABFE-4105-A571-FE06DFEAFA3F}"
EndProject
Project("{2150E333-8FDC-42A3-9474-1A3956D46DE8}") = "UrlExtractor", "UrlExtractor", "{79EF666F-1A3D-40C4-A89E-0A55FE07DFF9}"
EndProject
Project("{FAE04EC0-301F-11D3-BF4B-00C04F79EFBC}") = "PoeItemAnalyzer", "\PoeItemAnalyzer\PoeItemAnalyzer\PoeItemAnalyzer.csproj", "{F5DB7968-4407-466B-AA44-83F86DB4B235}"
EndProject
Project("{2150E333-8FDC-42A3-9474-1A3956D46DE8}") = "Analyzer", "Analyzer", "{AB24303F-8B5C-4263-A78B-CF1D6469A306}"
EndProject
Project("{FAE04EC0-301F-11D3-BF4B-00C04F79EFBC}") = "WpfClipboardMonitor", "UrlExtractor\WpfClipboardMonitor\WpfClipboardMonitor.csproj", "{9D38DFDC-9EA0-4F5D-8E7D-2E52C415A2DD}"
EndProject
Project("{FAE04EC0-301F-11D3-BF4B-00C04F79EFBC}") = "ItemModel", "\PoeItemAnalyzer\ItemLibrary\ItemModel.csproj", "{686291ED-57A0-468E-8B07-95CC530331B8}"
EndProject
Project("{FAE04EC0-301F-11D3-BF4B-00C04F79EFBC}") = "ItemModelUnitTests", "\PoeItemAnalyzer\ItemModelUnitTests\ItemModelUnitTests.csproj", "{CF85D327-9D5F-4198-BA2F-EEB6AC551F9F}"
EndProject
Project("{FAE04EC0-301F-11D3-BF4B-00C04F79EFBC}") = "UrlExtractor.Model", "UrlExtractor\UrlExtractor.Model\UrlExtractor.Model.csproj", "{0811EAC7-9303-4C6E-8B82-F67F6F2F0EB4}"
EndProject
Project("{FAE04EC0-301F-11D3-BF4B-00C04F79EFBC}") = "UrlExtract.UI", "UrlExtractor\UrlExtractor.UI\UrlExtract.UI.csproj", "{1EDC2A10-3F7B-4392-A22C-E29F21F13CB4}"
EndProject
Project("{FAE04EC0-301F-11D3-BF4B-00C04F79EFBC}") = "UrlExtractor.Tests", "UrlExtractor\UrlExtractor.Tests\UrlExtractor.Tests.csproj", "{E59C879E-16D4-4BB5-ADA5-E7C643AFFCF4}"
EndProject
Project("{FAE04EC0-301F-11D3-BF4B-00C04F79EFBC}") = "UrlExtractor.Wpf", "UrlExtractor\UrlExtractor.Wpf\UrlExtractor.Wpf.csproj", "{0D6FC7AC-67A5-4A24-9CDF-C9AD0876A2FC}"
EndProject
Project("{FAE04EC0-301F-11D3-BF4B-00C04F79EFBC}") = "Ylvis.Utils", "Ylvis\Ylvis.Utils\Ylvis.Utils.csproj", "{224B2A16-0109-43BC-A2CE-16ECF5DBA6E3}"
EndProject
Global
	GlobalSection(SolutionConfigurationPlatforms) = preSolution
		Debug|Any CPU = Debug|Any CPU
		Release|Any CPU = Release|Any CPU
	EndGlobalSection
	GlobalSection(ProjectConfigurationPlatforms) = postSolution
		{CC499CC5-FF09-45D0-876F-E6A5DC4EDDA7}.Debug|Any CPU.ActiveCfg = Debug|Any CPU
		{CC499CC5-FF09-45D0-876F-E6A5DC4EDDA7}.Debug|Any CPU.Build.0 = Debug|Any CPU
		{CC499CC5-FF09-45D0-876F-E6A5DC4EDDA7}.Release|Any CPU.ActiveCfg = Release|Any CPU
		{CC499CC5-FF09-45D0-876F-E6A5DC4EDDA7}.Release|Any CPU.Build.0 = Release|Any CPU
		{ED0B2F1C-8BF8-4726-AC9B-82765BB0E312}.Debug|Any CPU.ActiveCfg = Debug|Any CPU
		{ED0B2F1C-8BF8-4726-AC9B-82765BB0E312}.Debug|Any CPU.Build.0 = Debug|Any CPU
		{ED0B2F1C-8BF8-4726-AC9B-82765BB0E312}.Release|Any CPU.ActiveCfg = Release|Any CPU
		{ED0B2F1C-8BF8-4726-AC9B-82765BB0E312}.Release|Any CPU.Build.0 = Release|Any CPU
		{9948C902-586F-4AC9-861C-9067E1124A6D}.Debug|Any CPU.ActiveCfg = Debug|Any CPU
		{9948C902-586F-4AC9-861C-9067E1124A6D}.Debug|Any CPU.Build.0 = Debug|Any CPU
		{9948C902-586F-4AC9-861C-9067E1124A6D}.Release|Any CPU.ActiveCfg = Release|Any CPU
		{9948C902-586F-4AC9-861C-9067E1124A6D}.Release|Any CPU.Build.0 = Release|Any CPU
		{809822C3-8082-40B6-B86B-3BBCA4E9F3BE}.Debug|Any CPU.ActiveCfg = Debug|Any CPU
		{809822C3-8082-40B6-B86B-3BBCA4E9F3BE}.Debug|Any CPU.Build.0 = Debug|Any CPU
		{809822C3-8082-40B6-B86B-3BBCA4E9F3BE}.Release|Any CPU.ActiveCfg = Release|Any CPU
		{809822C3-8082-40B6-B86B-3BBCA4E9F3BE}.Release|Any CPU.Build.0 = Release|Any CPU
		{86C4D135-EA88-4709-86B5-5C1B71F205F6}.Debug|Any CPU.ActiveCfg = Debug|Any CPU
		{86C4D135-EA88-4709-86B5-5C1B71F205F6}.Debug|Any CPU.Build.0 = Debug|Any CPU
		{86C4D135-EA88-4709-86B5-5C1B71F205F6}.Release|Any CPU.ActiveCfg = Release|Any CPU
		{86C4D135-EA88-4709-86B5-5C1B71F205F6}.Release|Any CPU.Build.0 = Release|Any CPU
		{9D58C3DA-0E4C-441C-A7FF-8A0668F6C979}.Debug|Any CPU.ActiveCfg = Debug|Any CPU
		{9D58C3DA-0E4C-441C-A7FF-8A0668F6C979}.Debug|Any CPU.Build.0 = Debug|Any CPU
		{9D58C3DA-0E4C-441C-A7FF-8A0668F6C979}.Release|Any CPU.ActiveCfg = Release|Any CPU
		{9D58C3DA-0E4C-441C-A7FF-8A0668F6C979}.Release|Any CPU.Build.0 = Release|Any CPU
		{6774B229-5C0A-49F0-AED2-CBDA5BC283A1}.Debug|Any CPU.ActiveCfg = Debug|Any CPU
		{6774B229-5C0A-49F0-AED2-CBDA5BC283A1}.Debug|Any CPU.Build.0 = Debug|Any CPU
		{6774B229-5C0A-49F0-AED2-CBDA5BC283A1}.Release|Any CPU.ActiveCfg = Release|Any CPU
		{6774B229-5C0A-49F0-AED2-CBDA5BC283A1}.Release|Any CPU.Build.0 = Release|Any CPU
		{ACA011E7-DA28-4335-A3EE-9796DD56E4EE}.Debug|Any CPU.ActiveCfg = Debug|Any CPU
		{ACA011E7-DA28-4335-A3EE-9796DD56E4EE}.Debug|Any CPU.Build.0 = Debug|Any CPU
		{ACA011E7-DA28-4335-A3EE-9796DD56E4EE}.Release|Any CPU.ActiveCfg = Release|Any CPU
		{ACA011E7-DA28-4335-A3EE-9796DD56E4EE}.Release|Any CPU.Build.0 = Release|Any CPU
		{FC001362-9343-416A-ADC8-CB189485D864}.Debug|Any CPU.ActiveCfg = Debug|Any CPU
		{FC001362-9343-416A-ADC8-CB189485D864}.Debug|Any CPU.Build.0 = Debug|Any CPU
		{FC001362-9343-416A-ADC8-CB189485D864}.Release|Any CPU.ActiveCfg = Release|Any CPU
		{FC001362-9343-416A-ADC8-CB189485D864}.Release|Any CPU.Build.0 = Release|Any CPU
		{29DA37F7-6077-4541-AFD8-3B93A9CD448E}.Debug|Any CPU.ActiveCfg = Debug|Any CPU
		{29DA37F7-6077-4541-AFD8-3B93A9CD448E}.Debug|Any CPU.Build.0 = Debug|Any CPU
		{29DA37F7-6077-4541-AFD8-3B93A9CD448E}.Release|Any CPU.ActiveCfg = Release|Any CPU
		{29DA37F7-6077-4541-AFD8-3B93A9CD448E}.Release|Any CPU.Build.0 = Release|Any CPU
		{3E773B0B-A37B-4F38-ABF8-A30C917F4A4A}.Debug|Any CPU.ActiveCfg = Debug|Any CPU
		{3E773B0B-A37B-4F38-ABF8-A30C917F4A4A}.Debug|Any CPU.Build.0 = Debug|Any CPU
		{3E773B0B-A37B-4F38-ABF8-A30C917F4A4A}.Release|Any CPU.ActiveCfg = Release|Any CPU
		{3E773B0B-A37B-4F38-ABF8-A30C917F4A4A}.Release|Any CPU.Build.0 = Release|Any CPU
		{C29AD6AF-1F34-48B8-8DEA-204FC0362664}.Debug|Any CPU.ActiveCfg = Debug|Any CPU
		{C29AD6AF-1F34-48B8-8DEA-204FC0362664}.Debug|Any CPU.Build.0 = Debug|Any CPU
		{C29AD6AF-1F34-48B8-8DEA-204FC0362664}.Release|Any CPU.ActiveCfg = Release|Any CPU
		{C29AD6AF-1F34-48B8-8DEA-204FC0362664}.Release|Any CPU.Build.0 = Release|Any CPU
		{C6A85F4D-478C-457A-8FD7-C282A1CF51EE}.Debug|Any CPU.ActiveCfg = Debug|Any CPU
		{C6A85F4D-478C-457A-8FD7-C282A1CF51EE}.Debug|Any CPU.Build.0 = Debug|Any CPU
		{C6A85F4D-478C-457A-8FD7-C282A1CF51EE}.Release|Any CPU.ActiveCfg = Release|Any CPU
		{C6A85F4D-478C-457A-8FD7-C282A1CF51EE}.Release|Any CPU.Build.0 = Release|Any CPU
		{55D4271C-45F6-4BD8-AB5B-D599AF031D62}.Debug|Any CPU.ActiveCfg = Debug|Any CPU
		{55D4271C-45F6-4BD8-AB5B-D599AF031D62}.Debug|Any CPU.Build.0 = Debug|Any CPU
		{55D4271C-45F6-4BD8-AB5B-D599AF031D62}.Release|Any CPU.ActiveCfg = Release|Any CPU
		{55D4271C-45F6-4BD8-AB5B-D599AF031D62}.Release|Any CPU.Build.0 = Release|Any CPU
		{6E771FC1-EF26-43EB-87DB-B57744FC8520}.Debug|Any CPU.ActiveCfg = Debug|Any CPU
		{6E771FC1-EF26-43EB-87DB-B57744FC8520}.Debug|Any CPU.Build.0 = Debug|Any CPU
		{6E771FC1-EF26-43EB-87DB-B57744FC8520}.Release|Any CPU.ActiveCfg = Release|Any CPU
		{6E771FC1-EF26-43EB-87DB-B57744FC8520}.Release|Any CPU.Build.0 = Release|Any CPU
		{89375FC0-699D-419D-B57D-4223AF2C31BE}.Debug|Any CPU.ActiveCfg = Debug|Any CPU
		{89375FC0-699D-419D-B57D-4223AF2C31BE}.Debug|Any CPU.Build.0 = Debug|Any CPU
		{89375FC0-699D-419D-B57D-4223AF2C31BE}.Release|Any CPU.ActiveCfg = Release|Any CPU
		{89375FC0-699D-419D-B57D-4223AF2C31BE}.Release|Any CPU.Build.0 = Release|Any CPU
		{85FF36DB-B0A0-4CF1-B497-CE21661E9214}.Debug|Any CPU.ActiveCfg = Debug|Any CPU
		{85FF36DB-B0A0-4CF1-B497-CE21661E9214}.Debug|Any CPU.Build.0 = Debug|Any CPU
		{85FF36DB-B0A0-4CF1-B497-CE21661E9214}.Release|Any CPU.ActiveCfg = Release|Any CPU
		{85FF36DB-B0A0-4CF1-B497-CE21661E9214}.Release|Any CPU.Build.0 = Release|Any CPU
		{033635B0-CE06-461F-9DFE-95D02ADDF8E1}.Debug|Any CPU.ActiveCfg = Debug|Any CPU
		{033635B0-CE06-461F-9DFE-95D02ADDF8E1}.Debug|Any CPU.Build.0 = Debug|Any CPU
		{033635B0-CE06-461F-9DFE-95D02ADDF8E1}.Release|Any CPU.ActiveCfg = Release|Any CPU
		{033635B0-CE06-461F-9DFE-95D02ADDF8E1}.Release|Any CPU.Build.0 = Release|Any CPU
		{7B47327C-1A82-472B-94B5-32D6525F6861}.Debug|Any CPU.ActiveCfg = Debug|Any CPU
		{7B47327C-1A82-472B-94B5-32D6525F6861}.Debug|Any CPU.Build.0 = Debug|Any CPU
		{7B47327C-1A82-472B-94B5-32D6525F6861}.Release|Any CPU.ActiveCfg = Release|Any CPU
		{7B47327C-1A82-472B-94B5-32D6525F6861}.Release|Any CPU.Build.0 = Release|Any CPU
		{1F393668-4012-4946-9F41-010D88374D32}.Debug|Any CPU.ActiveCfg = Debug|Any CPU
		{1F393668-4012-4946-9F41-010D88374D32}.Debug|Any CPU.Build.0 = Debug|Any CPU
		{1F393668-4012-4946-9F41-010D88374D32}.Release|Any CPU.ActiveCfg = Release|Any CPU
		{1F393668-4012-4946-9F41-010D88374D32}.Release|Any CPU.Build.0 = Release|Any CPU
		{5414F257-8D01-47B5-92CB-0BC0F6F54B08}.Debug|Any CPU.ActiveCfg = Debug|Any CPU
		{5414F257-8D01-47B5-92CB-0BC0F6F54B08}.Debug|Any CPU.Build.0 = Debug|Any CPU
		{5414F257-8D01-47B5-92CB-0BC0F6F54B08}.Release|Any CPU.ActiveCfg = Release|Any CPU
		{5414F257-8D01-47B5-92CB-0BC0F6F54B08}.Release|Any CPU.Build.0 = Release|Any CPU
		{C85A0E68-9A96-45D3-9643-6439976E2131}.Debug|Any CPU.ActiveCfg = Debug|Any CPU
		{C85A0E68-9A96-45D3-9643-6439976E2131}.Debug|Any CPU.Build.0 = Debug|Any CPU
		{C85A0E68-9A96-45D3-9643-6439976E2131}.Release|Any CPU.ActiveCfg = Release|Any CPU
		{C85A0E68-9A96-45D3-9643-6439976E2131}.Release|Any CPU.Build.0 = Release|Any CPU
		{22699717-CA5F-42C1-AE3E-F272BB4831A3}.Debug|Any CPU.ActiveCfg = Debug|Any CPU
		{22699717-CA5F-42C1-AE3E-F272BB4831A3}.Debug|Any CPU.Build.0 = Debug|Any CPU
		{22699717-CA5F-42C1-AE3E-F272BB4831A3}.Release|Any CPU.ActiveCfg = Release|Any CPU
		{22699717-CA5F-42C1-AE3E-F272BB4831A3}.Release|Any CPU.Build.0 = Release|Any CPU
		{BF80349E-A671-431C-8125-2E5D10A3A792}.Debug|Any CPU.ActiveCfg = Debug|Any CPU
		{BF80349E-A671-431C-8125-2E5D10A3A792}.Debug|Any CPU.Build.0 = Debug|Any CPU
		{BF80349E-A671-431C-8125-2E5D10A3A792}.Release|Any CPU.ActiveCfg = Release|Any CPU
		{BF80349E-A671-431C-8125-2E5D10A3A792}.Release|Any CPU.Build.0 = Release|Any CPU
		{0175ABED-ABFE-4105-A571-FE06DFEAFA3F}.Debug|Any CPU.ActiveCfg = Debug|Any CPU
		{0175ABED-ABFE-4105-A571-FE06DFEAFA3F}.Debug|Any CPU.Build.0 = Debug|Any CPU
		{0175ABED-ABFE-4105-A571-FE06DFEAFA3F}.Release|Any CPU.ActiveCfg = Release|Any CPU
		{0175ABED-ABFE-4105-A571-FE06DFEAFA3F}.Release|Any CPU.Build.0 = Release|Any CPU
		{F5DB7968-4407-466B-AA44-83F86DB4B235}.Debug|Any CPU.ActiveCfg = Debug|Any CPU
		{F5DB7968-4407-466B-AA44-83F86DB4B235}.Debug|Any CPU.Build.0 = Debug|Any CPU
		{F5DB7968-4407-466B-AA44-83F86DB4B235}.Release|Any CPU.ActiveCfg = Release|Any CPU
		{F5DB7968-4407-466B-AA44-83F86DB4B235}.Release|Any CPU.Build.0 = Release|Any CPU
		{9D38DFDC-9EA0-4F5D-8E7D-2E52C415A2DD}.Debug|Any CPU.ActiveCfg = Debug|Any CPU
		{9D38DFDC-9EA0-4F5D-8E7D-2E52C415A2DD}.Debug|Any CPU.Build.0 = Debug|Any CPU
		{9D38DFDC-9EA0-4F5D-8E7D-2E52C415A2DD}.Release|Any CPU.ActiveCfg = Release|Any CPU
		{9D38DFDC-9EA0-4F5D-8E7D-2E52C415A2DD}.Release|Any CPU.Build.0 = Release|Any CPU
		{686291ED-57A0-468E-8B07-95CC530331B8}.Debug|Any CPU.ActiveCfg = Debug|Any CPU
		{686291ED-57A0-468E-8B07-95CC530331B8}.Debug|Any CPU.Build.0 = Debug|Any CPU
		{686291ED-57A0-468E-8B07-95CC530331B8}.Release|Any CPU.ActiveCfg = Release|Any CPU
		{686291ED-57A0-468E-8B07-95CC530331B8}.Release|Any CPU.Build.0 = Release|Any CPU
		{CF85D327-9D5F-4198-BA2F-EEB6AC551F9F}.Debug|Any CPU.ActiveCfg = Debug|Any CPU
		{CF85D327-9D5F-4198-BA2F-EEB6AC551F9F}.Debug|Any CPU.Build.0 = Debug|Any CPU
		{CF85D327-9D5F-4198-BA2F-EEB6AC551F9F}.Release|Any CPU.ActiveCfg = Release|Any CPU
		{CF85D327-9D5F-4198-BA2F-EEB6AC551F9F}.Release|Any CPU.Build.0 = Release|Any CPU
		{0811EAC7-9303-4C6E-8B82-F67F6F2F0EB4}.Debug|Any CPU.ActiveCfg = Debug|Any CPU
		{0811EAC7-9303-4C6E-8B82-F67F6F2F0EB4}.Debug|Any CPU.Build.0 = Debug|Any CPU
		{0811EAC7-9303-4C6E-8B82-F67F6F2F0EB4}.Release|Any CPU.ActiveCfg = Release|Any CPU
		{0811EAC7-9303-4C6E-8B82-F67F6F2F0EB4}.Release|Any CPU.Build.0 = Release|Any CPU
		{1EDC2A10-3F7B-4392-A22C-E29F21F13CB4}.Debug|Any CPU.ActiveCfg = Debug|Any CPU
		{1EDC2A10-3F7B-4392-A22C-E29F21F13CB4}.Debug|Any CPU.Build.0 = Debug|Any CPU
		{1EDC2A10-3F7B-4392-A22C-E29F21F13CB4}.Release|Any CPU.ActiveCfg = Release|Any CPU
		{1EDC2A10-3F7B-4392-A22C-E29F21F13CB4}.Release|Any CPU.Build.0 = Release|Any CPU
		{E59C879E-16D4-4BB5-ADA5-E7C643AFFCF4}.Debug|Any CPU.ActiveCfg = Debug|Any CPU
		{E59C879E-16D4-4BB5-ADA5-E7C643AFFCF4}.Debug|Any CPU.Build.0 = Debug|Any CPU
		{E59C879E-16D4-4BB5-ADA5-E7C643AFFCF4}.Release|Any CPU.ActiveCfg = Release|Any CPU
		{E59C879E-16D4-4BB5-ADA5-E7C643AFFCF4}.Release|Any CPU.Build.0 = Release|Any CPU
		{0D6FC7AC-67A5-4A24-9CDF-C9AD0876A2FC}.Debug|Any CPU.ActiveCfg = Debug|Any CPU
		{0D6FC7AC-67A5-4A24-9CDF-C9AD0876A2FC}.Debug|Any CPU.Build.0 = Debug|Any CPU
		{0D6FC7AC-67A5-4A24-9CDF-C9AD0876A2FC}.Release|Any CPU.ActiveCfg = Release|Any CPU
		{0D6FC7AC-67A5-4A24-9CDF-C9AD0876A2FC}.Release|Any CPU.Build.0 = Release|Any CPU
		{224B2A16-0109-43BC-A2CE-16ECF5DBA6E3}.Debug|Any CPU.ActiveCfg = Debug|Any CPU
		{224B2A16-0109-43BC-A2CE-16ECF5DBA6E3}.Debug|Any CPU.Build.0 = Debug|Any CPU
		{224B2A16-0109-43BC-A2CE-16ECF5DBA6E3}.Release|Any CPU.ActiveCfg = Release|Any CPU
		{224B2A16-0109-43BC-A2CE-16ECF5DBA6E3}.Release|Any CPU.Build.0 = Release|Any CPU
	EndGlobalSection
	GlobalSection(SolutionProperties) = preSolution
		HideSolutionNode = FALSE
	EndGlobalSection
	GlobalSection(NestedProjects) = preSolution
		{CC499CC5-FF09-45D0-876F-E6A5DC4EDDA7} = {D0A8F953-5037-49E7-B621-8A4DB34AEF3E}
		{ED0B2F1C-8BF8-4726-AC9B-82765BB0E312} = {D0A8F953-5037-49E7-B621-8A4DB34AEF3E}
		{9948C902-586F-4AC9-861C-9067E1124A6D} = {D0A8F953-5037-49E7-B621-8A4DB34AEF3E}
		{12813E9C-C550-4BFD-8311-B52584422D19} = {6B535495-6AE3-4A42-BEBE-467DDDD0EAFF}
		{809822C3-8082-40B6-B86B-3BBCA4E9F3BE} = {12813E9C-C550-4BFD-8311-B52584422D19}
		{86C4D135-EA88-4709-86B5-5C1B71F205F6} = {12813E9C-C550-4BFD-8311-B52584422D19}
		{9D58C3DA-0E4C-441C-A7FF-8A0668F6C979} = {12813E9C-C550-4BFD-8311-B52584422D19}
		{6774B229-5C0A-49F0-AED2-CBDA5BC283A1} = {D050C820-7E88-4BD0-81F1-185BA3DC72A3}
		{9F64D441-074A-41F4-83DF-48F0F1584635} = {6B535495-6AE3-4A42-BEBE-467DDDD0EAFF}
		{ACA011E7-DA28-4335-A3EE-9796DD56E4EE} = {9F64D441-074A-41F4-83DF-48F0F1584635}
		{FC001362-9343-416A-ADC8-CB189485D864} = {9F64D441-074A-41F4-83DF-48F0F1584635}
		{29DA37F7-6077-4541-AFD8-3B93A9CD448E} = {9F64D441-074A-41F4-83DF-48F0F1584635}
		{3E773B0B-A37B-4F38-ABF8-A30C917F4A4A} = {D050C820-7E88-4BD0-81F1-185BA3DC72A3}
		{B57FFCBD-2F62-4D3E-8BB1-DDA5A84BCC87} = {6B535495-6AE3-4A42-BEBE-467DDDD0EAFF}
		{C29AD6AF-1F34-48B8-8DEA-204FC0362664} = {B57FFCBD-2F62-4D3E-8BB1-DDA5A84BCC87}
		{C6A85F4D-478C-457A-8FD7-C282A1CF51EE} = {B57FFCBD-2F62-4D3E-8BB1-DDA5A84BCC87}
		{55D4271C-45F6-4BD8-AB5B-D599AF031D62} = {B57FFCBD-2F62-4D3E-8BB1-DDA5A84BCC87}
		{6E771FC1-EF26-43EB-87DB-B57744FC8520} = {B57FFCBD-2F62-4D3E-8BB1-DDA5A84BCC87}
		{A3FCE3A3-EB9E-4064-A0ED-302B1AF2255B} = {6B535495-6AE3-4A42-BEBE-467DDDD0EAFF}
		{89375FC0-699D-419D-B57D-4223AF2C31BE} = {A3FCE3A3-EB9E-4064-A0ED-302B1AF2255B}
		{85FF36DB-B0A0-4CF1-B497-CE21661E9214} = {A3FCE3A3-EB9E-4064-A0ED-302B1AF2255B}
		{033635B0-CE06-461F-9DFE-95D02ADDF8E1} = {A3FCE3A3-EB9E-4064-A0ED-302B1AF2255B}
		{7B47327C-1A82-472B-94B5-32D6525F6861} = {A3FCE3A3-EB9E-4064-A0ED-302B1AF2255B}
		{1F393668-4012-4946-9F41-010D88374D32} = {A3FCE3A3-EB9E-4064-A0ED-302B1AF2255B}
		{5414F257-8D01-47B5-92CB-0BC0F6F54B08} = {A3FCE3A3-EB9E-4064-A0ED-302B1AF2255B}
		{C85A0E68-9A96-45D3-9643-6439976E2131} = {A3FCE3A3-EB9E-4064-A0ED-302B1AF2255B}
		{22699717-CA5F-42C1-AE3E-F272BB4831A3} = {A3FCE3A3-EB9E-4064-A0ED-302B1AF2255B}
		{BF80349E-A671-431C-8125-2E5D10A3A792} = {A3FCE3A3-EB9E-4064-A0ED-302B1AF2255B}
		{0175ABED-ABFE-4105-A571-FE06DFEAFA3F} = {A3FCE3A3-EB9E-4064-A0ED-302B1AF2255B}
		{F5DB7968-4407-466B-AA44-83F86DB4B235} = {AB24303F-8B5C-4263-A78B-CF1D6469A306}
		{9D38DFDC-9EA0-4F5D-8E7D-2E52C415A2DD} = {79EF666F-1A3D-40C4-A89E-0A55FE07DFF9}
		{686291ED-57A0-468E-8B07-95CC530331B8} = {AB24303F-8B5C-4263-A78B-CF1D6469A306}
		{CF85D327-9D5F-4198-BA2F-EEB6AC551F9F} = {AB24303F-8B5C-4263-A78B-CF1D6469A306}
		{0811EAC7-9303-4C6E-8B82-F67F6F2F0EB4} = {79EF666F-1A3D-40C4-A89E-0A55FE07DFF9}
		{1EDC2A10-3F7B-4392-A22C-E29F21F13CB4} = {79EF666F-1A3D-40C4-A89E-0A55FE07DFF9}
		{E59C879E-16D4-4BB5-ADA5-E7C643AFFCF4} = {79EF666F-1A3D-40C4-A89E-0A55FE07DFF9}
		{0D6FC7AC-67A5-4A24-9CDF-C9AD0876A2FC} = {79EF666F-1A3D-40C4-A89E-0A55FE07DFF9}
		{224B2A16-0109-43BC-A2CE-16ECF5DBA6E3} = {AF613529-F9F8-43DE-A74E-82C456D14A90}
	EndGlobalSection
	GlobalSection(ExtensibilityGlobals) = postSolution
		SolutionGuid = {DEA1ADEF-D1E7-4A78-9352-E95EA2394FCF}
	EndGlobalSection
EndGlobal
